
Microsoft Visual Studio Solution File, Format Version 12.00
# Visual Studio 15
Project("{FAE04EC0-301F-11D3-BF4B-00C04F79EFBC}") = "BattleShip", "BattleShip\BattleShip.csproj", "{B6C45343-3BB8-4699-BB02-E2B761B2A9D3}"
EndProject
Global
	GlobalSection(SolutionConfigurationPlatforms) = preSolution
		Debug|Any CPU = Debug|Any CPU
		Release|Any CPU = Release|Any CPU
	EndGlobalSection
	GlobalSection(ProjectConfigurationPlatforms) = postSolution
		{B6C45343-3BB8-4699-BB02-E2B761B2A9D3}.Debug|Any CPU.ActiveCfg = Debug|Any CPU
		{B6C45343-3BB8-4699-BB02-E2B761B2A9D3}.Debug|Any CPU.Build.0 = Debug|Any CPU
		{B6C45343-3BB8-4699-BB02-E2B761B2A9D3}.Release|Any CPU.ActiveCfg = Release|Any CPU
		{B6C45343-3BB8-4699-BB02-E2B761B2A9D3}.Release|Any CPU.Build.0 = Release|Any CPU
	EndGlobalSection
EndGlobal
